
Microsoft Visual Studio Solution File, Format Version 12.00
# Visual Studio Version 17
VisualStudioVersion = 17.13.35913.81 d17.13
MinimumVisualStudioVersion = 10.0.40219.1
Project("{FAE04EC0-301F-11D3-BF4B-00C04F79EFBC}") = "Kinematics Calculator 2", "Kinematics Calculator 2\Kinematics Calculator 2.csproj", "{BE035D7E-0BF5-49AA-9F62-D4FC8371E33B}"
EndProject
Global
	GlobalSection(SolutionConfigurationPlatforms) = preSolution
		Debug|Any CPU = Debug|Any CPU
		Release|Any CPU = Release|Any CPU
	EndGlobalSection
	GlobalSection(ProjectConfigurationPlatforms) = postSolution
		{BE035D7E-0BF5-49AA-9F62-D4FC8371E33B}.Debug|Any CPU.ActiveCfg = Debug|Any CPU
		{BE035D7E-0BF5-49AA-9F62-D4FC8371E33B}.Debug|Any CPU.Build.0 = Debug|Any CPU
		{BE035D7E-0BF5-49AA-9F62-D4FC8371E33B}.Release|Any CPU.ActiveCfg = Release|Any CPU
		{BE035D7E-0BF5-49AA-9F62-D4FC8371E33B}.Release|Any CPU.Build.0 = Release|Any CPU
	EndGlobalSection
	GlobalSection(SolutionProperties) = preSolution
		HideSolutionNode = FALSE
	EndGlobalSection
	GlobalSection(ExtensibilityGlobals) = postSolution
		SolutionGuid = {C645FD84-4597-41EF-B334-08DD6D93D176}
	EndGlobalSection
EndGlobal
